
Microsoft Visual Studio Solution File, Format Version 12.00
# Visual Studio Version 16
VisualStudioVersion = 16.0.30413.136
MinimumVisualStudioVersion = 10.0.40219.1
Project("{FAE04EC0-301F-11D3-BF4B-00C04F79EFBC}") = "NewsApp.Android", "NewsApp.Android\NewsApp.Android.csproj", "{6614FF1A-4F34-4454-9480-C0FAAC4121E1}"
EndProject
Project("{FAE04EC0-301F-11D3-BF4B-00C04F79EFBC}") = "NewsApp.iOS", "NewsApp.iOS\NewsApp.iOS.csproj", "{1017102B-C074-4E2E-8397-A2E826FE7361}"
EndProject
Project("{FAE04EC0-301F-11D3-BF4B-00C04F79EFBC}") = "NewsApp", "NewsApp\NewsApp.csproj", "{F9207C0E-CA01-4259-9A6A-AF7D242199D1}"
EndProject
Global
	GlobalSection(SolutionConfigurationPlatforms) = preSolution
		Debug|Any CPU = Debug|Any CPU
		Debug|iPhone = Debug|iPhone
		Debug|iPhoneSimulator = Debug|iPhoneSimulator
		Release|Any CPU = Release|Any CPU
		Release|iPhone = Release|iPhone
		Release|iPhoneSimulator = Release|iPhoneSimulator
	EndGlobalSection
	GlobalSection(ProjectConfigurationPlatforms) = postSolution
		{6614FF1A-4F34-4454-9480-C0FAAC4121E1}.Debug|Any CPU.ActiveCfg = Debug|Any CPU
		{6614FF1A-4F34-4454-9480-C0FAAC4121E1}.Debug|Any CPU.Build.0 = Debug|Any CPU
		{6614FF1A-4F34-4454-9480-C0FAAC4121E1}.Debug|Any CPU.Deploy.0 = Debug|Any CPU
		{6614FF1A-4F34-4454-9480-C0FAAC4121E1}.Debug|iPhone.ActiveCfg = Debug|Any CPU
		{6614FF1A-4F34-4454-9480-C0FAAC4121E1}.Debug|iPhone.Build.0 = Debug|Any CPU
		{6614FF1A-4F34-4454-9480-C0FAAC4121E1}.Debug|iPhone.Deploy.0 = Debug|Any CPU
		{6614FF1A-4F34-4454-9480-C0FAAC4121E1}.Debug|iPhoneSimulator.ActiveCfg = Debug|Any CPU
		{6614FF1A-4F34-4454-9480-C0FAAC4121E1}.Debug|iPhoneSimulator.Build.0 = Debug|Any CPU
		{6614FF1A-4F34-4454-9480-C0FAAC4121E1}.Debug|iPhoneSimulator.Deploy.0 = Debug|Any CPU
		{6614FF1A-4F34-4454-9480-C0FAAC4121E1}.Release|Any CPU.ActiveCfg = Release|Any CPU
		{6614FF1A-4F34-4454-9480-C0FAAC4121E1}.Release|Any CPU.Build.0 = Release|Any CPU
		{6614FF1A-4F34-4454-9480-C0FAAC4121E1}.Release|Any CPU.Deploy.0 = Release|Any CPU
		{6614FF1A-4F34-4454-9480-C0FAAC4121E1}.Release|iPhone.ActiveCfg = Release|Any CPU
		{6614FF1A-4F34-4454-9480-C0FAAC4121E1}.Release|iPhone.Build.0 = Release|Any CPU
		{6614FF1A-4F34-4454-9480-C0FAAC4121E1}.Release|iPhone.Deploy.0 = Release|Any CPU
		{6614FF1A-4F34-4454-9480-C0FAAC4121E1}.Release|iPhoneSimulator.ActiveCfg = Release|Any CPU
		{6614FF1A-4F34-4454-9480-C0FAAC4121E1}.Release|iPhoneSimulator.Build.0 = Release|Any CPU
		{6614FF1A-4F34-4454-9480-C0FAAC4121E1}.Release|iPhoneSimulator.Deploy.0 = Release|Any CPU
		{1017102B-C074-4E2E-8397-A2E826FE7361}.Debug|Any CPU.ActiveCfg = Debug|iPhone
		{1017102B-C074-4E2E-8397-A2E826FE7361}.Debug|Any CPU.Build.0 = Debug|iPhone
		{1017102B-C074-4E2E-8397-A2E826FE7361}.Debug|Any CPU.Deploy.0 = Debug|iPhone
		{1017102B-C074-4E2E-8397-A2E826FE7361}.Debug|iPhone.ActiveCfg = Debug|iPhone
		{1017102B-C074-4E2E-8397-A2E826FE7361}.Debug|iPhone.Build.0 = Debug|iPhone
		{1017102B-C074-4E2E-8397-A2E826FE7361}.Debug|iPhone.Deploy.0 = Debug|iPhone
		{1017102B-C074-4E2E-8397-A2E826FE7361}.Debug|iPhoneSimulator.ActiveCfg = Debug|iPhoneSimulator
		{1017102B-C074-4E2E-8397-A2E826FE7361}.Debug|iPhoneSimulator.Build.0 = Debug|iPhoneSimulator
		{1017102B-C074-4E2E-8397-A2E826FE7361}.Debug|iPhoneSimulator.Deploy.0 = Debug|iPhoneSimulator
		{1017102B-C074-4E2E-8397-A2E826FE7361}.Release|Any CPU.ActiveCfg = Release|iPhone
		{1017102B-C074-4E2E-8397-A2E826FE7361}.Release|Any CPU.Build.0 = Release|iPhone
		{1017102B-C074-4E2E-8397-A2E826FE7361}.Release|Any CPU.Deploy.0 = Release|iPhone
		{1017102B-C074-4E2E-8397-A2E826FE7361}.Release|iPhone.ActiveCfg = Release|iPhone
		{1017102B-C074-4E2E-8397-A2E826FE7361}.Release|iPhone.Build.0 = Release|iPhone
		{1017102B-C074-4E2E-8397-A2E826FE7361}.Release|iPhone.Deploy.0 = Release|iPhone
		{1017102B-C074-4E2E-8397-A2E826FE7361}.Release|iPhoneSimulator.ActiveCfg = Release|iPhoneSimulator
		{1017102B-C074-4E2E-8397-A2E826FE7361}.Release|iPhoneSimulator.Build.0 = Release|iPhoneSimulator
		{1017102B-C074-4E2E-8397-A2E826FE7361}.Release|iPhoneSimulator.Deploy.0 = Release|iPhoneSimulator
		{F9207C0E-CA01-4259-9A6A-AF7D242199D1}.Debug|Any CPU.ActiveCfg = Debug|Any CPU
		{F9207C0E-CA01-4259-9A6A-AF7D242199D1}.Debug|Any CPU.Build.0 = Debug|Any CPU
		{F9207C0E-CA01-4259-9A6A-AF7D242199D1}.Debug|Any CPU.Deploy.0 = Debug|Any CPU
		{F9207C0E-CA01-4259-9A6A-AF7D242199D1}.Debug|iPhone.ActiveCfg = Debug|Any CPU
		{F9207C0E-CA01-4259-9A6A-AF7D242199D1}.Debug|iPhone.Build.0 = Debug|Any CPU
		{F9207C0E-CA01-4259-9A6A-AF7D242199D1}.Debug|iPhone.Deploy.0 = Debug|Any CPU
		{F9207C0E-CA01-4259-9A6A-AF7D242199D1}.Debug|iPhoneSimulator.ActiveCfg = Debug|Any CPU
		{F9207C0E-CA01-4259-9A6A-AF7D242199D1}.Debug|iPhoneSimulator.Build.0 = Debug|Any CPU
		{F9207C0E-CA01-4259-9A6A-AF7D242199D1}.Debug|iPhoneSimulator.Deploy.0 = Debug|Any CPU
		{F9207C0E-CA01-4259-9A6A-AF7D242199D1}.Release|Any CPU.ActiveCfg = Release|Any CPU
		{F9207C0E-CA01-4259-9A6A-AF7D242199D1}.Release|Any CPU.Build.0 = Release|Any CPU
		{F9207C0E-CA01-4259-9A6A-AF7D242199D1}.Release|Any CPU.Deploy.0 = Release|Any CPU
		{F9207C0E-CA01-4259-9A6A-AF7D242199D1}.Release|iPhone.ActiveCfg = Release|Any CPU
		{F9207C0E-CA01-4259-9A6A-AF7D242199D1}.Release|iPhone.Build.0 = Release|Any CPU
		{F9207C0E-CA01-4259-9A6A-AF7D242199D1}.Release|iPhone.Deploy.0 = Release|Any CPU
		{F9207C0E-CA01-4259-9A6A-AF7D242199D1}.Release|iPhoneSimulator.ActiveCfg = Release|Any CPU
		{F9207C0E-CA01-4259-9A6A-AF7D242199D1}.Release|iPhoneSimulator.Build.0 = Release|Any CPU
		{F9207C0E-CA01-4259-9A6A-AF7D242199D1}.Release|iPhoneSimulator.Deploy.0 = Release|Any CPU
	EndGlobalSection
	GlobalSection(SolutionProperties) = preSolution
		HideSolutionNode = FALSE
	EndGlobalSection
	GlobalSection(ExtensibilityGlobals) = postSolution
		SolutionGuid = {2BCB55BE-C490-41C2-8669-A4D5F15667EF}
	EndGlobalSection
EndGlobal
